// !$*UTF8*$!
{
	archiveVersion = 1;
	classes = {
	};
	objectVersion = 46;
	objects = {

/* Begin PBXBuildFile section */
		AA1D8BB41D38016700AF1CC3 /* CategoryTableViewCell.swift in Sources */ = {isa = PBXBuildFile; fileRef = AA1D8BB21D38016700AF1CC3 /* CategoryTableViewCell.swift */; };
		AA1D8BB51D38016700AF1CC3 /* CategoryTableViewCell.xib in Resources */ = {isa = PBXBuildFile; fileRef = AA1D8BB31D38016700AF1CC3 /* CategoryTableViewCell.xib */; };
		AA1D8BB81D3802E900AF1CC3 /* down-arrow.png in Resources */ = {isa = PBXBuildFile; fileRef = AA1D8BB71D3802E900AF1CC3 /* down-arrow.png */; };
		AA1D8BBB1D380ECC00AF1CC3 /* DetailViewController.swift in Sources */ = {isa = PBXBuildFile; fileRef = AA1D8BBA1D380ECC00AF1CC3 /* DetailViewController.swift */; };
		AA1D8BBE1D38140F00AF1CC3 /* Category.swift in Sources */ = {isa = PBXBuildFile; fileRef = AA1D8BBD1D38140F00AF1CC3 /* Category.swift */; };
		AA1D8BC11D38176F00AF1CC3 /* Section.swift in Sources */ = {isa = PBXBuildFile; fileRef = AA1D8BC01D38176F00AF1CC3 /* Section.swift */; };
		AA1D8BC41D38187600AF1CC3 /* FeaturedCollectionViewCell.swift in Sources */ = {isa = PBXBuildFile; fileRef = AA1D8BC21D38187600AF1CC3 /* FeaturedCollectionViewCell.swift */; };
		AA1D8BC51D38187600AF1CC3 /* FeaturedCollectionViewCell.xib in Resources */ = {isa = PBXBuildFile; fileRef = AA1D8BC31D38187600AF1CC3 /* FeaturedCollectionViewCell.xib */; };
		AA1D8BC71D381C5200AF1CC3 /* FeaturedView.swift in Sources */ = {isa = PBXBuildFile; fileRef = AA1D8BC61D381C5200AF1CC3 /* FeaturedView.swift */; };
		AA1D8BC91D381C6500AF1CC3 /* FeaturedView.xib in Resources */ = {isa = PBXBuildFile; fileRef = AA1D8BC81D381C6500AF1CC3 /* FeaturedView.xib */; };
		AA1D8BCB1D381E2200AF1CC3 /* right-arrow.png in Resources */ = {isa = PBXBuildFile; fileRef = AA1D8BCA1D381E2200AF1CC3 /* right-arrow.png */; };
		AA1D8BCE1D3838E700AF1CC3 /* FeaturedTableViewCell.swift in Sources */ = {isa = PBXBuildFile; fileRef = AA1D8BCC1D3838E700AF1CC3 /* FeaturedTableViewCell.swift */; };
		AA1D8BCF1D3838E700AF1CC3 /* FeaturedTableViewCell.xib in Resources */ = {isa = PBXBuildFile; fileRef = AA1D8BCD1D3838E700AF1CC3 /* FeaturedTableViewCell.xib */; };
		AA1D8BD11D3845EC00AF1CC3 /* ActiveHeaderView.xib in Resources */ = {isa = PBXBuildFile; fileRef = AA1D8BD01D3845EC00AF1CC3 /* ActiveHeaderView.xib */; };
		AA1D8BD31D3848E700AF1CC3 /* up-arrow.png in Resources */ = {isa = PBXBuildFile; fileRef = AA1D8BD21D3848E700AF1CC3 /* up-arrow.png */; };
		AA1D8BD51D38492800AF1CC3 /* ActiveHeaderView.swift in Sources */ = {isa = PBXBuildFile; fileRef = AA1D8BD41D38492800AF1CC3 /* ActiveHeaderView.swift */; };
		AA1D8BD71D384F7A00AF1CC3 /* PassiveHeaderView.xib in Resources */ = {isa = PBXBuildFile; fileRef = AA1D8BD61D384F7A00AF1CC3 /* PassiveHeaderView.xib */; };
		AA1D8BD91D38501500AF1CC3 /* PassiveHeaderView.swift in Sources */ = {isa = PBXBuildFile; fileRef = AA1D8BD81D38501500AF1CC3 /* PassiveHeaderView.swift */; };
		AA1D8BDD1D38512200AF1CC3 /* Extensions.swift in Sources */ = {isa = PBXBuildFile; fileRef = AA1D8BDC1D38512200AF1CC3 /* Extensions.swift */; };
		AA1D8BE01D385B6600AF1CC3 /* MCExploreAnimator.swift in Sources */ = {isa = PBXBuildFile; fileRef = AA1D8BDF1D385B6600AF1CC3 /* MCExploreAnimator.swift */; };
		AA1D8BE21D38F96D00AF1CC3 /* MCExplorePopAnimator.swift in Sources */ = {isa = PBXBuildFile; fileRef = AA1D8BE11D38F96D00AF1CC3 /* MCExplorePopAnimator.swift */; };
		AA1D8BE41D390DFF00AF1CC3 /* APIController.swift in Sources */ = {isa = PBXBuildFile; fileRef = AA1D8BE31D390DFF00AF1CC3 /* APIController.swift */; };
		AA1D8BE71D390EDF00AF1CC3 /* Constants.swift in Sources */ = {isa = PBXBuildFile; fileRef = AA1D8BE61D390EDF00AF1CC3 /* Constants.swift */; };
		AA46BD681D369C2C00B9BB94 /* AppDelegate.swift in Sources */ = {isa = PBXBuildFile; fileRef = AA46BD671D369C2C00B9BB94 /* AppDelegate.swift */; };
		AA46BD6A1D369C2C00B9BB94 /* ViewController.swift in Sources */ = {isa = PBXBuildFile; fileRef = AA46BD691D369C2C00B9BB94 /* ViewController.swift */; };
		AA46BD6D1D369C2C00B9BB94 /* Main.storyboard in Resources */ = {isa = PBXBuildFile; fileRef = AA46BD6B1D369C2C00B9BB94 /* Main.storyboard */; };
		AA46BD6F1D369C2C00B9BB94 /* Assets.xcassets in Resources */ = {isa = PBXBuildFile; fileRef = AA46BD6E1D369C2C00B9BB94 /* Assets.xcassets */; };
		AA46BD721D369C2C00B9BB94 /* LaunchScreen.storyboard in Resources */ = {isa = PBXBuildFile; fileRef = AA46BD701D369C2C00B9BB94 /* LaunchScreen.storyboard */; };
		DB67F31106A97982AF4C04A6 /* Pods_ExploreView.framework in Frameworks */ = {isa = PBXBuildFile; fileRef = CEA5A6194D610ADE4472BA00 /* Pods_ExploreView.framework */; };
/* End PBXBuildFile section */

/* Begin PBXFileReference section */
		3D0E12B1ADBD38B64EE770E8 /* Pods-ExploreView.release.xcconfig */ = {isa = PBXFileReference; includeInIndex = 1; lastKnownFileType = text.xcconfig; name = "Pods-ExploreView.release.xcconfig"; path = "Pods/Target Support Files/Pods-ExploreView/Pods-ExploreView.release.xcconfig"; sourceTree = "<group>"; };
		AA1D8BB21D38016700AF1CC3 /* CategoryTableViewCell.swift */ = {isa = PBXFileReference; fileEncoding = 4; lastKnownFileType = sourcecode.swift; name = CategoryTableViewCell.swift; path = "Custom Views/CategoryTableViewCell.swift"; sourceTree = "<group>"; };
		AA1D8BB31D38016700AF1CC3 /* CategoryTableViewCell.xib */ = {isa = PBXFileReference; fileEncoding = 4; lastKnownFileType = file.xib; name = CategoryTableViewCell.xib; path = "Custom Views/CategoryTableViewCell.xib"; sourceTree = "<group>"; };
		AA1D8BB71D3802E900AF1CC3 /* down-arrow.png */ = {isa = PBXFileReference; lastKnownFileType = image.png; path = "down-arrow.png"; sourceTree = "<group>"; };
		AA1D8BBA1D380ECC00AF1CC3 /* DetailViewController.swift */ = {isa = PBXFileReference; fileEncoding = 4; lastKnownFileType = sourcecode.swift; name = DetailViewController.swift; path = "View Controllers/DetailViewController.swift"; sourceTree = "<group>"; };
		AA1D8BBD1D38140F00AF1CC3 /* Category.swift */ = {isa = PBXFileReference; fileEncoding = 4; lastKnownFileType = sourcecode.swift; name = Category.swift; path = Models/Category.swift; sourceTree = "<group>"; };
		AA1D8BC01D38176F00AF1CC3 /* Section.swift */ = {isa = PBXFileReference; fileEncoding = 4; lastKnownFileType = sourcecode.swift; name = Section.swift; path = Models/Section.swift; sourceTree = "<group>"; };
		AA1D8BC21D38187600AF1CC3 /* FeaturedCollectionViewCell.swift */ = {isa = PBXFileReference; fileEncoding = 4; lastKnownFileType = sourcecode.swift; name = FeaturedCollectionViewCell.swift; path = "Custom Views/FeaturedCollectionViewCell.swift"; sourceTree = "<group>"; };
		AA1D8BC31D38187600AF1CC3 /* FeaturedCollectionViewCell.xib */ = {isa = PBXFileReference; fileEncoding = 4; lastKnownFileType = file.xib; name = FeaturedCollectionViewCell.xib; path = "Custom Views/FeaturedCollectionViewCell.xib"; sourceTree = "<group>"; };
		AA1D8BC61D381C5200AF1CC3 /* FeaturedView.swift */ = {isa = PBXFileReference; fileEncoding = 4; lastKnownFileType = sourcecode.swift; name = FeaturedView.swift; path = "Custom Views/FeaturedView.swift"; sourceTree = "<group>"; };
		AA1D8BC81D381C6500AF1CC3 /* FeaturedView.xib */ = {isa = PBXFileReference; fileEncoding = 4; lastKnownFileType = file.xib; name = FeaturedView.xib; path = "Custom Views/FeaturedView.xib"; sourceTree = "<group>"; };
		AA1D8BCA1D381E2200AF1CC3 /* right-arrow.png */ = {isa = PBXFileReference; lastKnownFileType = image.png; path = "right-arrow.png"; sourceTree = "<group>"; };
		AA1D8BCC1D3838E700AF1CC3 /* FeaturedTableViewCell.swift */ = {isa = PBXFileReference; fileEncoding = 4; lastKnownFileType = sourcecode.swift; name = FeaturedTableViewCell.swift; path = "Custom Views/FeaturedTableViewCell.swift"; sourceTree = "<group>"; };
		AA1D8BCD1D3838E700AF1CC3 /* FeaturedTableViewCell.xib */ = {isa = PBXFileReference; fileEncoding = 4; lastKnownFileType = file.xib; name = FeaturedTableViewCell.xib; path = "Custom Views/FeaturedTableViewCell.xib"; sourceTree = "<group>"; };
		AA1D8BD01D3845EC00AF1CC3 /* ActiveHeaderView.xib */ = {isa = PBXFileReference; fileEncoding = 4; lastKnownFileType = file.xib; name = ActiveHeaderView.xib; path = "Custom Views/ActiveHeaderView.xib"; sourceTree = "<group>"; };
		AA1D8BD21D3848E700AF1CC3 /* up-arrow.png */ = {isa = PBXFileReference; lastKnownFileType = image.png; path = "up-arrow.png"; sourceTree = "<group>"; };
		AA1D8BD41D38492800AF1CC3 /* ActiveHeaderView.swift */ = {isa = PBXFileReference; fileEncoding = 4; lastKnownFileType = sourcecode.swift; name = ActiveHeaderView.swift; path = "Custom Views/ActiveHeaderView.swift"; sourceTree = "<group>"; };
		AA1D8BD61D384F7A00AF1CC3 /* PassiveHeaderView.xib */ = {isa = PBXFileReference; fileEncoding = 4; lastKnownFileType = file.xib; name = PassiveHeaderView.xib; path = "Custom Views/PassiveHeaderView.xib"; sourceTree = "<group>"; };
		AA1D8BD81D38501500AF1CC3 /* PassiveHeaderView.swift */ = {isa = PBXFileReference; fileEncoding = 4; lastKnownFileType = sourcecode.swift; name = PassiveHeaderView.swift; path = "Custom Views/PassiveHeaderView.swift"; sourceTree = "<group>"; };
		AA1D8BDC1D38512200AF1CC3 /* Extensions.swift */ = {isa = PBXFileReference; fileEncoding = 4; lastKnownFileType = sourcecode.swift; name = Extensions.swift; path = "Utility Classes/Extensions.swift"; sourceTree = "<group>"; };
		AA1D8BDF1D385B6600AF1CC3 /* MCExploreAnimator.swift */ = {isa = PBXFileReference; fileEncoding = 4; lastKnownFileType = sourcecode.swift; name = MCExploreAnimator.swift; path = "Utility Classes/MCExploreAnimator.swift"; sourceTree = "<group>"; };
		AA1D8BE11D38F96D00AF1CC3 /* MCExplorePopAnimator.swift */ = {isa = PBXFileReference; fileEncoding = 4; lastKnownFileType = sourcecode.swift; name = MCExplorePopAnimator.swift; path = "Utility Classes/MCExplorePopAnimator.swift"; sourceTree = "<group>"; };
		AA1D8BE31D390DFF00AF1CC3 /* APIController.swift */ = {isa = PBXFileReference; fileEncoding = 4; lastKnownFileType = sourcecode.swift; name = APIController.swift; path = Controllers/APIController.swift; sourceTree = "<group>"; };
		AA1D8BE61D390EDF00AF1CC3 /* Constants.swift */ = {isa = PBXFileReference; fileEncoding = 4; lastKnownFileType = sourcecode.swift; name = Constants.swift; path = "Utility Classes/Constants.swift"; sourceTree = "<group>"; };
		AA46BD641D369C2C00B9BB94 /* ExploreView.app */ = {isa = PBXFileReference; explicitFileType = wrapper.application; includeInIndex = 0; path = ExploreView.app; sourceTree = BUILT_PRODUCTS_DIR; };
		AA46BD671D369C2C00B9BB94 /* AppDelegate.swift */ = {isa = PBXFileReference; lastKnownFileType = sourcecode.swift; path = AppDelegate.swift; sourceTree = "<group>"; };
		AA46BD691D369C2C00B9BB94 /* ViewController.swift */ = {isa = PBXFileReference; lastKnownFileType = sourcecode.swift; name = ViewController.swift; path = "View Controllers/ViewController.swift"; sourceTree = "<group>"; };
		AA46BD6C1D369C2C00B9BB94 /* Base */ = {isa = PBXFileReference; lastKnownFileType = file.storyboard; name = Base; path = Base.lproj/Main.storyboard; sourceTree = "<group>"; };
		AA46BD6E1D369C2C00B9BB94 /* Assets.xcassets */ = {isa = PBXFileReference; lastKnownFileType = folder.assetcatalog; path = Assets.xcassets; sourceTree = "<group>"; };
		AA46BD711D369C2C00B9BB94 /* Base */ = {isa = PBXFileReference; lastKnownFileType = file.storyboard; name = Base; path = Base.lproj/LaunchScreen.storyboard; sourceTree = "<group>"; };
		AA46BD731D369C2C00B9BB94 /* Info.plist */ = {isa = PBXFileReference; lastKnownFileType = text.plist.xml; path = Info.plist; sourceTree = "<group>"; };
		CA0537D0202740B02DF75E00 /* Pods-ExploreView.debug.xcconfig */ = {isa = PBXFileReference; includeInIndex = 1; lastKnownFileType = text.xcconfig; name = "Pods-ExploreView.debug.xcconfig"; path = "Pods/Target Support Files/Pods-ExploreView/Pods-ExploreView.debug.xcconfig"; sourceTree = "<group>"; };
		CEA5A6194D610ADE4472BA00 /* Pods_ExploreView.framework */ = {isa = PBXFileReference; explicitFileType = wrapper.framework; includeInIndex = 0; path = Pods_ExploreView.framework; sourceTree = BUILT_PRODUCTS_DIR; };
/* End PBXFileReference section */

/* Begin PBXFrameworksBuildPhase section */
		AA46BD611D369C2C00B9BB94 /* Frameworks */ = {
			isa = PBXFrameworksBuildPhase;
			buildActionMask = 2147483647;
			files = (
				DB67F31106A97982AF4C04A6 /* Pods_ExploreView.framework in Frameworks */,
			);
			runOnlyForDeploymentPostprocessing = 0;
		};
/* End PBXFrameworksBuildPhase section */

/* Begin PBXGroup section */
		745CD0C9BFC8C1485EA0E2E1 /* Pods */ = {
			isa = PBXGroup;
			children = (
				CA0537D0202740B02DF75E00 /* Pods-ExploreView.debug.xcconfig */,
				3D0E12B1ADBD38B64EE770E8 /* Pods-ExploreView.release.xcconfig */,
			);
			name = Pods;
			sourceTree = "<group>";
		};
		AA1D8BB61D38018400AF1CC3 /* Custom Views */ = {
			isa = PBXGroup;
			children = (
				AA1D8BB21D38016700AF1CC3 /* CategoryTableViewCell.swift */,
				AA1D8BB31D38016700AF1CC3 /* CategoryTableViewCell.xib */,
				AA1D8BCC1D3838E700AF1CC3 /* FeaturedTableViewCell.swift */,
				AA1D8BCD1D3838E700AF1CC3 /* FeaturedTableViewCell.xib */,
				AA1D8BC21D38187600AF1CC3 /* FeaturedCollectionViewCell.swift */,
				AA1D8BC31D38187600AF1CC3 /* FeaturedCollectionViewCell.xib */,
				AA1D8BC61D381C5200AF1CC3 /* FeaturedView.swift */,
				AA1D8BC81D381C6500AF1CC3 /* FeaturedView.xib */,
				AA1D8BD41D38492800AF1CC3 /* ActiveHeaderView.swift */,
				AA1D8BD01D3845EC00AF1CC3 /* ActiveHeaderView.xib */,
				AA1D8BD81D38501500AF1CC3 /* PassiveHeaderView.swift */,
				AA1D8BD61D384F7A00AF1CC3 /* PassiveHeaderView.xib */,
			);
			name = "Custom Views";
			sourceTree = "<group>";
		};
		AA1D8BB91D3802EF00AF1CC3 /* Assets */ = {
			isa = PBXGroup;
			children = (
				AA1D8BD21D3848E700AF1CC3 /* up-arrow.png */,
				AA1D8BCA1D381E2200AF1CC3 /* right-arrow.png */,
				AA1D8BB71D3802E900AF1CC3 /* down-arrow.png */,
			);
			name = Assets;
			sourceTree = "<group>";
		};
		AA1D8BBC1D380ED800AF1CC3 /* View Controllers */ = {
			isa = PBXGroup;
			children = (
				AA46BD691D369C2C00B9BB94 /* ViewController.swift */,
				AA1D8BBA1D380ECC00AF1CC3 /* DetailViewController.swift */,
			);
			name = "View Controllers";
			sourceTree = "<group>";
		};
		AA1D8BBF1D38141400AF1CC3 /* Models */ = {
			isa = PBXGroup;
			children = (
				AA1D8BBD1D38140F00AF1CC3 /* Category.swift */,
				AA1D8BC01D38176F00AF1CC3 /* Section.swift */,
			);
			name = Models;
			sourceTree = "<group>";
		};
		AA1D8BDE1D38571000AF1CC3 /* Utility Classes */ = {
			isa = PBXGroup;
			children = (
				AA1D8BDC1D38512200AF1CC3 /* Extensions.swift */,
				AA1D8BE61D390EDF00AF1CC3 /* Constants.swift */,
				AA1D8BDF1D385B6600AF1CC3 /* MCExploreAnimator.swift */,
				AA1D8BE11D38F96D00AF1CC3 /* MCExplorePopAnimator.swift */,
			);
			name = "Utility Classes";
			sourceTree = "<group>";
		};
		AA1D8BE51D390E0300AF1CC3 /* Controllers */ = {
			isa = PBXGroup;
			children = (
				AA1D8BE31D390DFF00AF1CC3 /* APIController.swift */,
			);
			name = Controllers;
			sourceTree = "<group>";
		};
		AA46BD5B1D369C2C00B9BB94 = {
			isa = PBXGroup;
			children = (
				AA46BD661D369C2C00B9BB94 /* ExploreView */,
				AA46BD651D369C2C00B9BB94 /* Products */,
				745CD0C9BFC8C1485EA0E2E1 /* Pods */,
				B4490395421040023BA0876E /* Frameworks */,
			);
			sourceTree = "<group>";
		};
		AA46BD651D369C2C00B9BB94 /* Products */ = {
			isa = PBXGroup;
			children = (
				AA46BD641D369C2C00B9BB94 /* ExploreView.app */,
			);
			name = Products;
			sourceTree = "<group>";
		};
		AA46BD661D369C2C00B9BB94 /* ExploreView */ = {
			isa = PBXGroup;
			children = (
				AA46BD671D369C2C00B9BB94 /* AppDelegate.swift */,
				AA1D8BBF1D38141400AF1CC3 /* Models */,
				AA1D8BB61D38018400AF1CC3 /* Custom Views */,
				AA1D8BBC1D380ED800AF1CC3 /* View Controllers */,
				AA1D8BE51D390E0300AF1CC3 /* Controllers */,
				AA46BD6B1D369C2C00B9BB94 /* Main.storyboard */,
				AA46BD6E1D369C2C00B9BB94 /* Assets.xcassets */,
				AA46BD701D369C2C00B9BB94 /* LaunchScreen.storyboard */,
				AA46BD731D369C2C00B9BB94 /* Info.plist */,
				AA1D8BDE1D38571000AF1CC3 /* Utility Classes */,
				AA1D8BB91D3802EF00AF1CC3 /* Assets */,
			);
			path = ExploreView;
			sourceTree = "<group>";
		};
		B4490395421040023BA0876E /* Frameworks */ = {
			isa = PBXGroup;
			children = (
				CEA5A6194D610ADE4472BA00 /* Pods_ExploreView.framework */,
			);
			name = Frameworks;
			sourceTree = "<group>";
		};
/* End PBXGroup section */

/* Begin PBXNativeTarget section */
		AA46BD631D369C2C00B9BB94 /* ExploreView */ = {
			isa = PBXNativeTarget;
			buildConfigurationList = AA46BD761D369C2C00B9BB94 /* Build configuration list for PBXNativeTarget "ExploreView" */;
			buildPhases = (
				A0ADD182264B33E8B726248C /* Check Pods Manifest.lock */,
				AA46BD601D369C2C00B9BB94 /* Sources */,
				AA46BD611D369C2C00B9BB94 /* Frameworks */,
				AA46BD621D369C2C00B9BB94 /* Resources */,
				14BDEEDA79E75E81CD8B750B /* Embed Pods Frameworks */,
				3A8A8664A4D80798D0F141D7 /* Copy Pods Resources */,
			);
			buildRules = (
			);
			dependencies = (
			);
			name = ExploreView;
			productName = ExploreView;
			productReference = AA46BD641D369C2C00B9BB94 /* ExploreView.app */;
			productType = "com.apple.product-type.application";
		};
/* End PBXNativeTarget section */

/* Begin PBXProject section */
		AA46BD5C1D369C2C00B9BB94 /* Project object */ = {
			isa = PBXProject;
			attributes = {
				LastSwiftUpdateCheck = 0730;
				LastUpgradeCheck = 0730;
				ORGANIZATIONNAME = mohonish;
				TargetAttributes = {
					AA46BD631D369C2C00B9BB94 = {
						CreatedOnToolsVersion = 7.3.1;
					};
				};
			};
			buildConfigurationList = AA46BD5F1D369C2C00B9BB94 /* Build configuration list for PBXProject "ExploreView" */;
			compatibilityVersion = "Xcode 3.2";
			developmentRegion = English;
			hasScannedForEncodings = 0;
			knownRegions = (
				en,
				Base,
			);
			mainGroup = AA46BD5B1D369C2C00B9BB94;
			productRefGroup = AA46BD651D369C2C00B9BB94 /* Products */;
			projectDirPath = "";
			projectRoot = "";
			targets = (
				AA46BD631D369C2C00B9BB94 /* ExploreView */,
			);
		};
/* End PBXProject section */

/* Begin PBXResourcesBuildPhase section */
		AA46BD621D369C2C00B9BB94 /* Resources */ = {
			isa = PBXResourcesBuildPhase;
			buildActionMask = 2147483647;
			files = (
				AA1D8BCB1D381E2200AF1CC3 /* right-arrow.png in Resources */,
				AA1D8BC91D381C6500AF1CC3 /* FeaturedView.xib in Resources */,
				AA1D8BB81D3802E900AF1CC3 /* down-arrow.png in Resources */,
				AA1D8BD11D3845EC00AF1CC3 /* ActiveHeaderView.xib in Resources */,
				AA46BD721D369C2C00B9BB94 /* LaunchScreen.storyboard in Resources */,
				AA1D8BC51D38187600AF1CC3 /* FeaturedCollectionViewCell.xib in Resources */,
				AA1D8BCF1D3838E700AF1CC3 /* FeaturedTableViewCell.xib in Resources */,
				AA46BD6F1D369C2C00B9BB94 /* Assets.xcassets in Resources */,
				AA1D8BD31D3848E700AF1CC3 /* up-arrow.png in Resources */,
				AA1D8BD71D384F7A00AF1CC3 /* PassiveHeaderView.xib in Resources */,
				AA46BD6D1D369C2C00B9BB94 /* Main.storyboard in Resources */,
				AA1D8BB51D38016700AF1CC3 /* CategoryTableViewCell.xib in Resources */,
			);
			runOnlyForDeploymentPostprocessing = 0;
		};
/* End PBXResourcesBuildPhase section */

/* Begin PBXShellScriptBuildPhase section */
		14BDEEDA79E75E81CD8B750B /* Embed Pods Frameworks */ = {
			isa = PBXShellScriptBuildPhase;
			buildActionMask = 2147483647;
			files = (
			);
			inputPaths = (
			);
			name = "Embed Pods Frameworks";
			outputPaths = (
			);
			runOnlyForDeploymentPostprocessing = 0;
			shellPath = /bin/sh;
			shellScript = "\"${SRCROOT}/Pods/Target Support Files/Pods-ExploreView/Pods-ExploreView-frameworks.sh\"\n";
			showEnvVarsInLog = 0;
		};
		3A8A8664A4D80798D0F141D7 /* Copy Pods Resources */ = {
			isa = PBXShellScriptBuildPhase;
			buildActionMask = 2147483647;
			files = (
			);
			inputPaths = (
			);
			name = "Copy Pods Resources";
			outputPaths = (
			);
			runOnlyForDeploymentPostprocessing = 0;
			shellPath = /bin/sh;
			shellScript = "\"${SRCROOT}/Pods/Target Support Files/Pods-ExploreView/Pods-ExploreView-resources.sh\"\n";
			showEnvVarsInLog = 0;
		};
		A0ADD182264B33E8B726248C /* Check Pods Manifest.lock */ = {
			isa = PBXShellScriptBuildPhase;
			buildActionMask = 2147483647;
			files = (
			);
			inputPaths = (
			);
			name = "Check Pods Manifest.lock";
			outputPaths = (
			);
			runOnlyForDeploymentPostprocessing = 0;
			shellPath = /bin/sh;
			shellScript = "diff \"${PODS_ROOT}/../Podfile.lock\" \"${PODS_ROOT}/Manifest.lock\" > /dev/null\nif [[ $? != 0 ]] ; then\n    cat << EOM\nerror: The sandbox is not in sync with the Podfile.lock. Run 'pod install' or update your CocoaPods installation.\nEOM\n    exit 1\nfi\n";
			showEnvVarsInLog = 0;
		};
/* End PBXShellScriptBuildPhase section */

/* Begin PBXSourcesBuildPhase section */
		AA46BD601D369C2C00B9BB94 /* Sources */ = {
			isa = PBXSourcesBuildPhase;
			buildActionMask = 2147483647;
			files = (
				AA1D8BC71D381C5200AF1CC3 /* FeaturedView.swift in Sources */,
				AA1D8BD91D38501500AF1CC3 /* PassiveHeaderView.swift in Sources */,
				AA46BD6A1D369C2C00B9BB94 /* ViewController.swift in Sources */,
				AA1D8BBE1D38140F00AF1CC3 /* Category.swift in Sources */,
				AA1D8BD51D38492800AF1CC3 /* ActiveHeaderView.swift in Sources */,
				AA46BD681D369C2C00B9BB94 /* AppDelegate.swift in Sources */,
				AA1D8BC11D38176F00AF1CC3 /* Section.swift in Sources */,
				AA1D8BE71D390EDF00AF1CC3 /* Constants.swift in Sources */,
				AA1D8BDD1D38512200AF1CC3 /* Extensions.swift in Sources */,
				AA1D8BE01D385B6600AF1CC3 /* MCExploreAnimator.swift in Sources */,
				AA1D8BB41D38016700AF1CC3 /* CategoryTableViewCell.swift in Sources */,
				AA1D8BE21D38F96D00AF1CC3 /* MCExplorePopAnimator.swift in Sources */,
				AA1D8BBB1D380ECC00AF1CC3 /* DetailViewController.swift in Sources */,
				AA1D8BC41D38187600AF1CC3 /* FeaturedCollectionViewCell.swift in Sources */,
				AA1D8BCE1D3838E700AF1CC3 /* FeaturedTableViewCell.swift in Sources */,
				AA1D8BE41D390DFF00AF1CC3 /* APIController.swift in Sources */,
			);
			runOnlyForDeploymentPostprocessing = 0;
		};
/* End PBXSourcesBuildPhase section */

/* Begin PBXVariantGroup section */
		AA46BD6B1D369C2C00B9BB94 /* Main.storyboard */ = {
			isa = PBXVariantGroup;
			children = (
				AA46BD6C1D369C2C00B9BB94 /* Base */,
			);
			name = Main.storyboard;
			sourceTree = "<group>";
		};
		AA46BD701D369C2C00B9BB94 /* LaunchScreen.storyboard */ = {
			isa = PBXVariantGroup;
			children = (
				AA46BD711D369C2C00B9BB94 /* Base */,
			);
			name = LaunchScreen.storyboard;
			sourceTree = "<group>";
		};
/* End PBXVariantGroup section */

/* Begin XCBuildConfiguration section */
		AA46BD741D369C2C00B9BB94 /* Debug */ = {
			isa = XCBuildConfiguration;
			buildSettings = {
				ALWAYS_SEARCH_USER_PATHS = NO;
				CLANG_ANALYZER_NONNULL = YES;
				CLANG_CXX_LANGUAGE_STANDARD = "gnu++0x";
				CLANG_CXX_LIBRARY = "libc++";
				CLANG_ENABLE_MODULES = YES;
				CLANG_ENABLE_OBJC_ARC = YES;
				CLANG_WARN_BOOL_CONVERSION = YES;
				CLANG_WARN_CONSTANT_CONVERSION = YES;
				CLANG_WARN_DIRECT_OBJC_ISA_USAGE = YES_ERROR;
				CLANG_WARN_EMPTY_BODY = YES;
				CLANG_WARN_ENUM_CONVERSION = YES;
				CLANG_WARN_INT_CONVERSION = YES;
				CLANG_WARN_OBJC_ROOT_CLASS = YES_ERROR;
				CLANG_WARN_UNREACHABLE_CODE = YES;
				CLANG_WARN__DUPLICATE_METHOD_MATCH = YES;
				"CODE_SIGN_IDENTITY[sdk=iphoneos*]" = "iPhone Developer";
				COPY_PHASE_STRIP = NO;
				DEBUG_INFORMATION_FORMAT = dwarf;
				ENABLE_STRICT_OBJC_MSGSEND = YES;
				ENABLE_TESTABILITY = YES;
				GCC_C_LANGUAGE_STANDARD = gnu99;
				GCC_DYNAMIC_NO_PIC = NO;
				GCC_NO_COMMON_BLOCKS = YES;
				GCC_OPTIMIZATION_LEVEL = 0;
				GCC_PREPROCESSOR_DEFINITIONS = (
					"DEBUG=1",
					"$(inherited)",
				);
				GCC_WARN_64_TO_32_BIT_CONVERSION = YES;
				GCC_WARN_ABOUT_RETURN_TYPE = YES_ERROR;
				GCC_WARN_UNDECLARED_SELECTOR = YES;
				GCC_WARN_UNINITIALIZED_AUTOS = YES_AGGRESSIVE;
				GCC_WARN_UNUSED_FUNCTION = YES;
				GCC_WARN_UNUSED_VARIABLE = YES;
				IPHONEOS_DEPLOYMENT_TARGET = 9.3;
				MTL_ENABLE_DEBUG_INFO = YES;
				ONLY_ACTIVE_ARCH = YES;
				SDKROOT = iphoneos;
				SWIFT_OPTIMIZATION_LEVEL = "-Onone";
				TARGETED_DEVICE_FAMILY = "1,2";
			};
			name = Debug;
		};
		AA46BD751D369C2C00B9BB94 /* Release */ = {
			isa = XCBuildConfiguration;
			buildSettings = {
				ALWAYS_SEARCH_USER_PATHS = NO;
				CLANG_ANALYZER_NONNULL = YES;
				CLANG_CXX_LANGUAGE_STANDARD = "gnu++0x";
				CLANG_CXX_LIBRARY = "libc++";
				CLANG_ENABLE_MODULES = YES;
				CLANG_ENABLE_OBJC_ARC = YES;
				CLANG_WARN_BOOL_CONVERSION = YES;
				CLANG_WARN_CONSTANT_CONVERSION = YES;
				CLANG_WARN_DIRECT_OBJC_ISA_USAGE = YES_ERROR;
				CLANG_WARN_EMPTY_BODY = YES;
				CLANG_WARN_ENUM_CONVERSION = YES;
				CLANG_WARN_INT_CONVERSION = YES;
				CLANG_WARN_OBJC_ROOT_CLASS = YES_ERROR;
				CLANG_WARN_UNREACHABLE_CODE = YES;
				CLANG_WARN__DUPLICATE_METHOD_MATCH = YES;
				"CODE_SIGN_IDENTITY[sdk=iphoneos*]" = "iPhone Developer";
				COPY_PHASE_STRIP = NO;
				DEBUG_INFORMATION_FORMAT = "dwarf-with-dsym";
				ENABLE_NS_ASSERTIONS = NO;
				ENABLE_STRICT_OBJC_MSGSEND = YES;
				GCC_C_LANGUAGE_STANDARD = gnu99;
				GCC_NO_COMMON_BLOCKS = YES;
				GCC_WARN_64_TO_32_BIT_CONVERSION = YES;
				GCC_WARN_ABOUT_RETURN_TYPE = YES_ERROR;
				GCC_WARN_UNDECLARED_SELECTOR = YES;
				GCC_WARN_UNINITIALIZED_AUTOS = YES_AGGRESSIVE;
				GCC_WARN_UNUSED_FUNCTION = YES;
				GCC_WARN_UNUSED_VARIABLE = YES;
				IPHONEOS_DEPLOYMENT_TARGET = 9.3;
				MTL_ENABLE_DEBUG_INFO = NO;
				SDKROOT = iphoneos;
				TARGETED_DEVICE_FAMILY = "1,2";
				VALIDATE_PRODUCT = YES;
			};
			name = Release;
		};
		AA46BD771D369C2C00B9BB94 /* Debug */ = {
			isa = XCBuildConfiguration;
			baseConfigurationReference = CA0537D0202740B02DF75E00 /* Pods-ExploreView.debug.xcconfig */;
			buildSettings = {
				ASSETCATALOG_COMPILER_APPICON_NAME = AppIcon;
				INFOPLIST_FILE = ExploreView/Info.plist;
				LD_RUNPATH_SEARCH_PATHS = "$(inherited) @executable_path/Frameworks";
				PRODUCT_BUNDLE_IDENTIFIER = com.mohonish.ExploreView;
				PRODUCT_NAME = "$(TARGET_NAME)";
			};
			name = Debug;
		};
		AA46BD781D369C2C00B9BB94 /* Release */ = {
			isa = XCBuildConfiguration;
			baseConfigurationReference = 3D0E12B1ADBD38B64EE770E8 /* Pods-ExploreView.release.xcconfig */;
			buildSettings = {
				ASSETCATALOG_COMPILER_APPICON_NAME = AppIcon;
				INFOPLIST_FILE = ExploreView/Info.plist;
				LD_RUNPATH_SEARCH_PATHS = "$(inherited) @executable_path/Frameworks";
				PRODUCT_BUNDLE_IDENTIFIER = com.mohonish.ExploreView;
				PRODUCT_NAME = "$(TARGET_NAME)";
			};
			name = Release;
		};
/* End XCBuildConfiguration section */

/* Begin XCConfigurationList section */
		AA46BD5F1D369C2C00B9BB94 /* Build configuration list for PBXProject "ExploreView" */ = {
			isa = XCConfigurationList;
			buildConfigurations = (
				AA46BD741D369C2C00B9BB94 /* Debug */,
				AA46BD751D369C2C00B9BB94 /* Release */,
			);
			defaultConfigurationIsVisible = 0;
			defaultConfigurationName = Release;
		};
		AA46BD761D369C2C00B9BB94 /* Build configuration list for PBXNativeTarget "ExploreView" */ = {
			isa = XCConfigurationList;
			buildConfigurations = (
				AA46BD771D369C2C00B9BB94 /* Debug */,
				AA46BD781D369C2C00B9BB94 /* Release */,
			);
			defaultConfigurationIsVisible = 0;
			defaultConfigurationName = Release;
		};
/* End XCConfigurationList section */
	};
	rootObject = AA46BD5C1D369C2C00B9BB94 /* Project object */;
}
